
Microsoft Visual Studio Solution File, Format Version 12.00
# Visual Studio 14
VisualStudioVersion = 14.0.24720.0
MinimumVisualStudioVersion = 10.0.40219.1
Project("{FAE04EC0-301F-11D3-BF4B-00C04F79EFBC}") = "VITacademics10", "VITacademics10\VITacademics10.csproj", "{C2AC9B6A-2FB3-47D0-9D52-BC83863A3C2E}"
EndProject
Project("{FAE04EC0-301F-11D3-BF4B-00C04F79EFBC}") = "AcademicsLibrary", "AcademicsLibrary\AcademicsLibrary.csproj", "{9C77940F-E0E0-4E34-87D0-F982DFFCC536}"
EndProject
Global
	GlobalSection(SolutionConfigurationPlatforms) = preSolution
		Debug|Any CPU = Debug|Any CPU
		Debug|ARM = Debug|ARM
		Debug|x64 = Debug|x64
		Debug|x86 = Debug|x86
		Release|Any CPU = Release|Any CPU
		Release|ARM = Release|ARM
		Release|x64 = Release|x64
		Release|x86 = Release|x86
	EndGlobalSection
	GlobalSection(ProjectConfigurationPlatforms) = postSolution
		{C2AC9B6A-2FB3-47D0-9D52-BC83863A3C2E}.Debug|Any CPU.ActiveCfg = Debug|x86
		{C2AC9B6A-2FB3-47D0-9D52-BC83863A3C2E}.Debug|ARM.ActiveCfg = Debug|ARM
		{C2AC9B6A-2FB3-47D0-9D52-BC83863A3C2E}.Debug|ARM.Build.0 = Debug|ARM
		{C2AC9B6A-2FB3-47D0-9D52-BC83863A3C2E}.Debug|ARM.Deploy.0 = Debug|ARM
		{C2AC9B6A-2FB3-47D0-9D52-BC83863A3C2E}.Debug|x64.ActiveCfg = Debug|x64
		{C2AC9B6A-2FB3-47D0-9D52-BC83863A3C2E}.Debug|x64.Build.0 = Debug|x64
		{C2AC9B6A-2FB3-47D0-9D52-BC83863A3C2E}.Debug|x64.Deploy.0 = Debug|x64
		{C2AC9B6A-2FB3-47D0-9D52-BC83863A3C2E}.Debug|x86.ActiveCfg = Debug|x86
		{C2AC9B6A-2FB3-47D0-9D52-BC83863A3C2E}.Debug|x86.Build.0 = Debug|x86
		{C2AC9B6A-2FB3-47D0-9D52-BC83863A3C2E}.Debug|x86.Deploy.0 = Debug|x86
		{C2AC9B6A-2FB3-47D0-9D52-BC83863A3C2E}.Release|Any CPU.ActiveCfg = Release|x86
		{C2AC9B6A-2FB3-47D0-9D52-BC83863A3C2E}.Release|ARM.ActiveCfg = Release|ARM
		{C2AC9B6A-2FB3-47D0-9D52-BC83863A3C2E}.Release|ARM.Build.0 = Release|ARM
		{C2AC9B6A-2FB3-47D0-9D52-BC83863A3C2E}.Release|ARM.Deploy.0 = Release|ARM
		{C2AC9B6A-2FB3-47D0-9D52-BC83863A3C2E}.Release|x64.ActiveCfg = Release|x64
		{C2AC9B6A-2FB3-47D0-9D52-BC83863A3C2E}.Release|x64.Build.0 = Release|x64
		{C2AC9B6A-2FB3-47D0-9D52-BC83863A3C2E}.Release|x64.Deploy.0 = Release|x64
		{C2AC9B6A-2FB3-47D0-9D52-BC83863A3C2E}.Release|x86.ActiveCfg = Release|x86
		{C2AC9B6A-2FB3-47D0-9D52-BC83863A3C2E}.Release|x86.Build.0 = Release|x86
		{C2AC9B6A-2FB3-47D0-9D52-BC83863A3C2E}.Release|x86.Deploy.0 = Release|x86
		{9C77940F-E0E0-4E34-87D0-F982DFFCC536}.Debug|Any CPU.ActiveCfg = Debug|Any CPU
		{9C77940F-E0E0-4E34-87D0-F982DFFCC536}.Debug|Any CPU.Build.0 = Debug|Any CPU
		{9C77940F-E0E0-4E34-87D0-F982DFFCC536}.Debug|ARM.ActiveCfg = Debug|ARM
		{9C77940F-E0E0-4E34-87D0-F982DFFCC536}.Debug|ARM.Build.0 = Debug|ARM
		{9C77940F-E0E0-4E34-87D0-F982DFFCC536}.Debug|x64.ActiveCfg = Debug|x64
		{9C77940F-E0E0-4E34-87D0-F982DFFCC536}.Debug|x64.Build.0 = Debug|x64
		{9C77940F-E0E0-4E34-87D0-F982DFFCC536}.Debug|x86.ActiveCfg = Debug|x86
		{9C77940F-E0E0-4E34-87D0-F982DFFCC536}.Debug|x86.Build.0 = Debug|x86
		{9C77940F-E0E0-4E34-87D0-F982DFFCC536}.Release|Any CPU.ActiveCfg = Release|Any CPU
		{9C77940F-E0E0-4E34-87D0-F982DFFCC536}.Release|Any CPU.Build.0 = Release|Any CPU
		{9C77940F-E0E0-4E34-87D0-F982DFFCC536}.Release|ARM.ActiveCfg = Release|ARM
		{9C77940F-E0E0-4E34-87D0-F982DFFCC536}.Release|ARM.Build.0 = Release|ARM
		{9C77940F-E0E0-4E34-87D0-F982DFFCC536}.Release|x64.ActiveCfg = Release|x64
		{9C77940F-E0E0-4E34-87D0-F982DFFCC536}.Release|x64.Build.0 = Release|x64
		{9C77940F-E0E0-4E34-87D0-F982DFFCC536}.Release|x86.ActiveCfg = Release|x86
		{9C77940F-E0E0-4E34-87D0-F982DFFCC536}.Release|x86.Build.0 = Release|x86
	EndGlobalSection
	GlobalSection(SolutionProperties) = preSolution
		HideSolutionNode = FALSE
	EndGlobalSection
EndGlobal
